
Microsoft Visual Studio Solution File, Format Version 12.00
# Visual Studio Version 17
VisualStudioVersion = 17.2.32630.192
MinimumVisualStudioVersion = 10.0.40219.1
Project("{8BC9CEB8-8B4A-11D0-8D11-00A0C91BC942}") = "线索二叉树", "线索二叉树.vcxproj", "{F9D31196-E6EF-4DF3-8D98-E807FE59A2AC}"
EndProject
Global
	GlobalSection(SolutionConfigurationPlatforms) = preSolution
		Debug|x64 = Debug|x64
		Debug|x86 = Debug|x86
		Release|x64 = Release|x64
		Release|x86 = Release|x86
	EndGlobalSection
	GlobalSection(ProjectConfigurationPlatforms) = postSolution
		{F9D31196-E6EF-4DF3-8D98-E807FE59A2AC}.Debug|x64.ActiveCfg = Debug|x64
		{F9D31196-E6EF-4DF3-8D98-E807FE59A2AC}.Debug|x64.Build.0 = Debug|x64
		{F9D31196-E6EF-4DF3-8D98-E807FE59A2AC}.Debug|x86.ActiveCfg = Debug|Win32
		{F9D31196-E6EF-4DF3-8D98-E807FE59A2AC}.Debug|x86.Build.0 = Debug|Win32
		{F9D31196-E6EF-4DF3-8D98-E807FE59A2AC}.Release|x64.ActiveCfg = Release|x64
		{F9D31196-E6EF-4DF3-8D98-E807FE59A2AC}.Release|x64.Build.0 = Release|x64
		{F9D31196-E6EF-4DF3-8D98-E807FE59A2AC}.Release|x86.ActiveCfg = Release|Win32
		{F9D31196-E6EF-4DF3-8D98-E807FE59A2AC}.Release|x86.Build.0 = Release|Win32
	EndGlobalSection
	GlobalSection(SolutionProperties) = preSolution
		HideSolutionNode = FALSE
	EndGlobalSection
	GlobalSection(ExtensibilityGlobals) = postSolution
		SolutionGuid = {86CD2E9F-C642-4A49-92B5-04EFD1655884}
	EndGlobalSection
EndGlobal
